
Microsoft Visual Studio Solution File, Format Version 12.00
# Visual Studio 15
VisualStudioVersion = 15.0.27130.2020
MinimumVisualStudioVersion = 10.0.40219.1
Project("{FAE04EC0-301F-11D3-BF4B-00C04F79EFBC}") = "Serialization_of_Complex", "Serialization_of_Complex\Serialization_of_Complex.csproj", "{45D1C07C-344B-4224-84C5-AC4D5768E6EA}"
EndProject
Global
	GlobalSection(SolutionConfigurationPlatforms) = preSolution
		Debug|Any CPU = Debug|Any CPU
		Release|Any CPU = Release|Any CPU
	EndGlobalSection
	GlobalSection(ProjectConfigurationPlatforms) = postSolution
		{45D1C07C-344B-4224-84C5-AC4D5768E6EA}.Debug|Any CPU.ActiveCfg = Debug|Any CPU
		{45D1C07C-344B-4224-84C5-AC4D5768E6EA}.Debug|Any CPU.Build.0 = Debug|Any CPU
		{45D1C07C-344B-4224-84C5-AC4D5768E6EA}.Release|Any CPU.ActiveCfg = Release|Any CPU
		{45D1C07C-344B-4224-84C5-AC4D5768E6EA}.Release|Any CPU.Build.0 = Release|Any CPU
	EndGlobalSection
	GlobalSection(SolutionProperties) = preSolution
		HideSolutionNode = FALSE
	EndGlobalSection
	GlobalSection(ExtensibilityGlobals) = postSolution
		SolutionGuid = {E327912F-5E5D-4045-97FB-DB135A39420C}
	EndGlobalSection
EndGlobal
